// !$*UTF8*$!
{
	archiveVersion = 1;
	classes = {
	};
	objectVersion = 63;
	objects = {

/* Begin PBXBuildFile section */
		0054BD10545E6C1F0BE596FF /* LoadingView.swift in Sources */ = {isa = PBXBuildFile; fileRef = 4A0ECC591B10D4E551B6BA35 /* LoadingView.swift */; };
		03734A18D75D0BB7375CF460 /* CrateApp.swift in Sources */ = {isa = PBXBuildFile; fileRef = 65238F1C7C265996E715430E /* CrateApp.swift */; };
		075188056962AB7F5EAFBED4 /* View+Extensions.swift in Sources */ = {isa = PBXBuildFile; fileRef = 16D6C250DBE8BCA0E1A87510 /* View+Extensions.swift */; };
		078B9C50128D289C7E910847 /* AlbumGridView.swift in Sources */ = {isa = PBXBuildFile; fileRef = 827F757E10301DFAA718FEDA /* AlbumGridView.swift */; };
		0AE776891928B987A19910D2 /* Album.swift in Sources */ = {isa = PBXBuildFile; fileRef = 6564F1160F7891E5A0EB0496 /* Album.swift */; };
		0D62CB3DD83BA46292A409FE /* Genre.swift in Sources */ = {isa = PBXBuildFile; fileRef = 0CB271E8593086FE76B920B4 /* Genre.swift */; };
		18CFD0CE7EAFCD08F9A83182 /* AlbumDetailViewModel.swift in Sources */ = {isa = PBXBuildFile; fileRef = 178A2E61284F45CF7AA7DECA /* AlbumDetailViewModel.swift */; };
		1D4BC14548ABE22E18C26181 /* ContentView.swift in Sources */ = {isa = PBXBuildFile; fileRef = 725C9493A0C8223AB4C9B4A9 /* ContentView.swift */; };
		2272B3AF0D32D90C1A10074E /* BrowseViewModel.swift in Sources */ = {isa = PBXBuildFile; fileRef = 1449F397DA9B96CAC8E27C35 /* BrowseViewModel.swift */; };
		309F76C9FDF378063168FE7F /* FavoritesService.swift in Sources */ = {isa = PBXBuildFile; fileRef = F15F477BD91295217797621B /* FavoritesService.swift */; };
		34648EBE4FE7FE7809C734E9 /* TrackListView.swift in Sources */ = {isa = PBXBuildFile; fileRef = 975D9BBC7D1F9C9C2C703FB8 /* TrackListView.swift */; };
		3C051ABBE8C69A351964759B /* BrowseFlowTests.swift in Sources */ = {isa = PBXBuildFile; fileRef = 6AE5714412843D597878B204 /* BrowseFlowTests.swift */; };
		4792D0080DAB99B2DFA8C206 /* MusicService.swift in Sources */ = {isa = PBXBuildFile; fileRef = 1A0571F96221FA51A3226206 /* MusicService.swift */; };
		4AA44309D42742AE72556DE5 /* MusicKit+Extensions.swift in Sources */ = {isa = PBXBuildFile; fileRef = 6BBCF00848DAE0F14C5252E9 /* MusicKit+Extensions.swift */; };
		4D89103F64DE6D3225AAA47B /* AlbumArtworkView.swift in Sources */ = {isa = PBXBuildFile; fileRef = 08D5F4EF8CD16C1AD3CAF1C6 /* AlbumArtworkView.swift */; };
		5002941B1CA680C6C920630F /* MusicServiceTests.swift in Sources */ = {isa = PBXBuildFile; fileRef = CCCAE3E3C156199B42C40FC4 /* MusicServiceTests.swift */; };
		527CC484E81B835E9B2834E4 /* GenreBarView.swift in Sources */ = {isa = PBXBuildFile; fileRef = 3E568C4AF26CD6CCDF589FF4 /* GenreBarView.swift */; };
		59909BB3E8CD831392EE3C5E /* GenreTaxonomy.swift in Sources */ = {isa = PBXBuildFile; fileRef = E5775BDEDC01DDE90837FE55 /* GenreTaxonomy.swift */; };
		59A1A38C51166BDB30F34CF5 /* BrowseViewModelTests.swift in Sources */ = {isa = PBXBuildFile; fileRef = F12F921E65C293534215B0E9 /* BrowseViewModelTests.swift */; };
		5F224429AB235403AE01483F /* Assets.xcassets in Resources */ = {isa = PBXBuildFile; fileRef = 44F93D20E31EDF38D19E7FC9 /* Assets.xcassets */; };
		623E9FE563B6578E542D63C6 /* PlaybackFooterView.swift in Sources */ = {isa = PBXBuildFile; fileRef = 8EEADEB674B4516B5A57969B /* PlaybackFooterView.swift */; };
		671D1F168FC648B79B3870A3 /* AuthView.swift in Sources */ = {isa = PBXBuildFile; fileRef = 90F040B6A7EE320FB6026884 /* AuthView.swift */; };
		6A158452E2026233E9FBD81D /* GenreService.swift in Sources */ = {isa = PBXBuildFile; fileRef = F34A2B43EBFA342D96C3432E /* GenreService.swift */; };
		6C7A777A07D0B653B0738D44 /* GenreBarView.swift in Sources */ = {isa = PBXBuildFile; fileRef = 3E568C4AF26CD6CCDF589FF4 /* GenreBarView.swift */; };
		6D4DFDFF046D5C0791B30B36 /* Genres.swift in Sources */ = {isa = PBXBuildFile; fileRef = 2F9DC97E55FE86FA4EE14786 /* Genres.swift */; };
		6E7F913408719D1E35406669 /* GenreTaxonomy.swift in Sources */ = {isa = PBXBuildFile; fileRef = E5775BDEDC01DDE90837FE55 /* GenreTaxonomy.swift */; };
		6EFC38FEC56E797B26B1AEA8 /* MacCommands.swift in Sources */ = {isa = PBXBuildFile; fileRef = F67D2942E083C422FD657DC4 /* MacCommands.swift */; };
		7807F9E7882D7AF7509FD2BA /* MusicKit+Extensions.swift in Sources */ = {isa = PBXBuildFile; fileRef = 6BBCF00848DAE0F14C5252E9 /* MusicKit+Extensions.swift */; };
		786F649FCB8D7A8D2C12C06F /* GenreService.swift in Sources */ = {isa = PBXBuildFile; fileRef = F34A2B43EBFA342D96C3432E /* GenreService.swift */; };
		790D7C870E9EE54BC019F969 /* Genre.swift in Sources */ = {isa = PBXBuildFile; fileRef = 0CB271E8593086FE76B920B4 /* Genre.swift */; };
		7A65201A04FA603815C45ED7 /* AuthView.swift in Sources */ = {isa = PBXBuildFile; fileRef = 90F040B6A7EE320FB6026884 /* AuthView.swift */; };

		7E458214B05AFC37C425A23C /* AlbumDetailView.swift in Sources */ = {isa = PBXBuildFile; fileRef = E1BFFBA0E43FF384AA140DE2 /* AlbumDetailView.swift */; };
		8C61835E7F742DDB1147B30C /* ContentView.swift in Sources */ = {isa = PBXBuildFile; fileRef = 725C9493A0C8223AB4C9B4A9 /* ContentView.swift */; };
		90C779F422A00F02C7A8CC21 /* FavoritesService.swift in Sources */ = {isa = PBXBuildFile; fileRef = F15F477BD91295217797621B /* FavoritesService.swift */; };
		92BABD2A527F4C55075A9E34 /* Album.swift in Sources */ = {isa = PBXBuildFile; fileRef = 6564F1160F7891E5A0EB0496 /* Album.swift */; };
		92D68C10E94070B582B6DEE4 /* AlbumGridView.swift in Sources */ = {isa = PBXBuildFile; fileRef = 827F757E10301DFAA718FEDA /* AlbumGridView.swift */; };
		93FCB69008600D1E66E08777 /* PlaybackFlowTests.swift in Sources */ = {isa = PBXBuildFile; fileRef = 9FDF960A0427D389BCEFFBD2 /* PlaybackFlowTests.swift */; };
		99E1ABBD9B230A3BF38038EB /* FavoritesServiceTests.swift in Sources */ = {isa = PBXBuildFile; fileRef = BFDE8244CA744240D6D8F64B /* FavoritesServiceTests.swift */; };
		9D2A5C2C2BF293C90CEC9980 /* BrowseViewModelTests.swift in Sources */ = {isa = PBXBuildFile; fileRef = F12F921E65C293534215B0E9 /* BrowseViewModelTests.swift */; };
		9EA5BA980B5659A812C355AC /* GenreTaxonomyTests.swift in Sources */ = {isa = PBXBuildFile; fileRef = 8B1A30CDB5641A4984B2EB6F /* GenreTaxonomyTests.swift */; };
		9F08B9A73370E0A7645F361A /* AuthViewModel.swift in Sources */ = {isa = PBXBuildFile; fileRef = 1748BF975FFA0E81C5222D7B /* AuthViewModel.swift */; };
		A429358E5AC6E9F673DB8322 /* FavoritesServiceTests.swift in Sources */ = {isa = PBXBuildFile; fileRef = BFDE8244CA744240D6D8F64B /* FavoritesServiceTests.swift */; };
		A8FFCBB26C049A9E649976BE /* TrackListView.swift in Sources */ = {isa = PBXBuildFile; fileRef = 975D9BBC7D1F9C9C2C703FB8 /* TrackListView.swift */; };
		AC35A72E290198781D2BAF33 /* AlbumArtworkView.swift in Sources */ = {isa = PBXBuildFile; fileRef = 08D5F4EF8CD16C1AD3CAF1C6 /* AlbumArtworkView.swift */; };
		AD0CFCA8F177E21DE8B018BA /* EmptyStateView.swift in Sources */ = {isa = PBXBuildFile; fileRef = 09BD65B49FD068A855826EC0 /* EmptyStateView.swift */; };
		B16A46F05C9280746E5EB116 /* BrowseView.swift in Sources */ = {isa = PBXBuildFile; fileRef = C0EF38353AD0F9C87727F34F /* BrowseView.swift */; };
		B7902DA06B5CBB9CAC7701DB /* View+Extensions.swift in Sources */ = {isa = PBXBuildFile; fileRef = 16D6C250DBE8BCA0E1A87510 /* View+Extensions.swift */; };
		BB7D1BC2895CDCA1558ADFE7 /* Assets.xcassets in Resources */ = {isa = PBXBuildFile; fileRef = 44F93D20E31EDF38D19E7FC9 /* Assets.xcassets */; };
		BD788F03DA1256AE2A63A7D2 /* MusicServiceTests.swift in Sources */ = {isa = PBXBuildFile; fileRef = CCCAE3E3C156199B42C40FC4 /* MusicServiceTests.swift */; };
		BE04C0C0ED7287525310E812 /* AuthViewModel.swift in Sources */ = {isa = PBXBuildFile; fileRef = 1748BF975FFA0E81C5222D7B /* AuthViewModel.swift */; };
		C01C2A0BED6998189EB8129E /* FavoriteAlbum.swift in Sources */ = {isa = PBXBuildFile; fileRef = 77A5003AD0F52B54EA13B311 /* FavoriteAlbum.swift */; };
		C0D9874A724C4067BFDF78F0 /* Genres.swift in Sources */ = {isa = PBXBuildFile; fileRef = 2F9DC97E55FE86FA4EE14786 /* Genres.swift */; };
		C2B19AD45472E5483DACD1AF /* AlbumDetailViewModel.swift in Sources */ = {isa = PBXBuildFile; fileRef = 178A2E61284F45CF7AA7DECA /* AlbumDetailViewModel.swift */; };
		C3AC9AC41ADCE6FC84618514 /* MusicService.swift in Sources */ = {isa = PBXBuildFile; fileRef = 1A0571F96221FA51A3226206 /* MusicService.swift */; };
		CEF6D41446756C9E340027B8 /* FavoriteAlbum.swift in Sources */ = {isa = PBXBuildFile; fileRef = 77A5003AD0F52B54EA13B311 /* FavoriteAlbum.swift */; };
		E117E036B2DF4FAC186AB229 /* BrowseViewModel.swift in Sources */ = {isa = PBXBuildFile; fileRef = 1449F397DA9B96CAC8E27C35 /* BrowseViewModel.swift */; };
		E3E4C48987ADECA0A71AE5E6 /* AlbumDetailView.swift in Sources */ = {isa = PBXBuildFile; fileRef = E1BFFBA0E43FF384AA140DE2 /* AlbumDetailView.swift */; };
		E566A3840994EBAC19F5736F /* PlaybackFooterView.swift in Sources */ = {isa = PBXBuildFile; fileRef = 8EEADEB674B4516B5A57969B /* PlaybackFooterView.swift */; };
		E96AC8BC4D27CF0598C9EDFB /* EmptyStateView.swift in Sources */ = {isa = PBXBuildFile; fileRef = 09BD65B49FD068A855826EC0 /* EmptyStateView.swift */; };
		EA1587B9D58D79B2C638DDF9 /* GenreTaxonomyTests.swift in Sources */ = {isa = PBXBuildFile; fileRef = 8B1A30CDB5641A4984B2EB6F /* GenreTaxonomyTests.swift */; };
		EC661EB6958F1CD3FE1EB4C8 /* BrowseView.swift in Sources */ = {isa = PBXBuildFile; fileRef = C0EF38353AD0F9C87727F34F /* BrowseView.swift */; };
		F5D7EB85A00194FA95397A59 /* LoadingView.swift in Sources */ = {isa = PBXBuildFile; fileRef = 4A0ECC591B10D4E551B6BA35 /* LoadingView.swift */; };
		FC30E080F705109825E96B67 /* PlaybackViewModel.swift in Sources */ = {isa = PBXBuildFile; fileRef = 0A7C8FA54276C4F9DDDCBEE2 /* PlaybackViewModel.swift */; };
		FC9CD7A007BEB38F2C7C465A /* PlaybackViewModel.swift in Sources */ = {isa = PBXBuildFile; fileRef = 0A7C8FA54276C4F9DDDCBEE2 /* PlaybackViewModel.swift */; };
		FCD1828A1BC38F07DCDC7FCB /* CrateApp.swift in Sources */ = {isa = PBXBuildFile; fileRef = 65238F1C7C265996E715430E /* CrateApp.swift */; };

		B1C2D3E4F5A6B7C8D9E0F1A2 /* CrateDial.swift in Sources */ = {isa = PBXBuildFile; fileRef = A1B2C3D4E5F6A7B8C9D0E1F2 /* CrateDial.swift */; };
		C1D2E3F4A5B6C7D8E9F0A1B2 /* CrateDial.swift in Sources */ = {isa = PBXBuildFile; fileRef = A1B2C3D4E5F6A7B8C9D0E1F2 /* CrateDial.swift */; };
		B1C2D3E4F5A6B7C8D9E0F1A3 /* CrateDialStore.swift in Sources */ = {isa = PBXBuildFile; fileRef = A1B2C3D4E5F6A7B8C9D0E1F3 /* CrateDialStore.swift */; };
		C1D2E3F4A5B6C7D8E9F0A1B3 /* CrateDialStore.swift in Sources */ = {isa = PBXBuildFile; fileRef = A1B2C3D4E5F6A7B8C9D0E1F3 /* CrateDialStore.swift */; };
		B1C2D3E4F5A6B7C8D9E0F1A4 /* CrateWallService.swift in Sources */ = {isa = PBXBuildFile; fileRef = A1B2C3D4E5F6A7B8C9D0E1F4 /* CrateWallService.swift */; };
		C1D2E3F4A5B6C7D8E9F0A1B4 /* CrateWallService.swift in Sources */ = {isa = PBXBuildFile; fileRef = A1B2C3D4E5F6A7B8C9D0E1F4 /* CrateWallService.swift */; };
		B1C2D3E4F5A6B7C8D9E0F1A5 /* CrateWallViewModel.swift in Sources */ = {isa = PBXBuildFile; fileRef = A1B2C3D4E5F6A7B8C9D0E1F5 /* CrateWallViewModel.swift */; };
		C1D2E3F4A5B6C7D8E9F0A1B5 /* CrateWallViewModel.swift in Sources */ = {isa = PBXBuildFile; fileRef = A1B2C3D4E5F6A7B8C9D0E1F5 /* CrateWallViewModel.swift */; };
		B1C2D3E4F5A6B7C8D9E0F1A6 /* WallGridItemView.swift in Sources */ = {isa = PBXBuildFile; fileRef = A1B2C3D4E5F6A7B8C9D0E1F6 /* WallGridItemView.swift */; };
		C1D2E3F4A5B6C7D8E9F0A1B6 /* WallGridItemView.swift in Sources */ = {isa = PBXBuildFile; fileRef = A1B2C3D4E5F6A7B8C9D0E1F6 /* WallGridItemView.swift */; };
		B1C2D3E4F5A6B7C8D9E0F1A7 /* SettingsView.swift in Sources */ = {isa = PBXBuildFile; fileRef = A1B2C3D4E5F6A7B8C9D0E1F7 /* SettingsView.swift */; };
		C1D2E3F4A5B6C7D8E9F0A1B7 /* SettingsView.swift in Sources */ = {isa = PBXBuildFile; fileRef = A1B2C3D4E5F6A7B8C9D0E1F7 /* SettingsView.swift */; };
		D1A2B3C4E5F6A7B8C9D0E1B1 /* DislikedAlbum.swift in Sources */ = {isa = PBXBuildFile; fileRef = D1A2B3C4E5F6A7B8C9D0E1A1 /* DislikedAlbum.swift */; };
		D1A2B3C4E5F6A7B8C9D0E1C1 /* DislikedAlbum.swift in Sources */ = {isa = PBXBuildFile; fileRef = D1A2B3C4E5F6A7B8C9D0E1A1 /* DislikedAlbum.swift */; };
		D1A2B3C4E5F6A7B8C9D0E2B1 /* GenreFeedSignal.swift in Sources */ = {isa = PBXBuildFile; fileRef = D1A2B3C4E5F6A7B8C9D0E2A1 /* GenreFeedSignal.swift */; };
		D1A2B3C4E5F6A7B8C9D0E2C1 /* GenreFeedSignal.swift in Sources */ = {isa = PBXBuildFile; fileRef = D1A2B3C4E5F6A7B8C9D0E2A1 /* GenreFeedSignal.swift */; };
		D1A2B3C4E5F6A7B8C9D0E3B1 /* DislikeService.swift in Sources */ = {isa = PBXBuildFile; fileRef = D1A2B3C4E5F6A7B8C9D0E3A1 /* DislikeService.swift */; };
		D1A2B3C4E5F6A7B8C9D0E3C1 /* DislikeService.swift in Sources */ = {isa = PBXBuildFile; fileRef = D1A2B3C4E5F6A7B8C9D0E3A1 /* DislikeService.swift */; };
		D1A2B3C4E5F6A7B8C9D0E4B1 /* GenreFeedService.swift in Sources */ = {isa = PBXBuildFile; fileRef = D1A2B3C4E5F6A7B8C9D0E4A1 /* GenreFeedService.swift */; };
		D1A2B3C4E5F6A7B8C9D0E4C1 /* GenreFeedService.swift in Sources */ = {isa = PBXBuildFile; fileRef = D1A2B3C4E5F6A7B8C9D0E4A1 /* GenreFeedService.swift */; };
		D1A2B3C4E5F6A7B8C9D0E5B1 /* WeightedInterleave.swift in Sources */ = {isa = PBXBuildFile; fileRef = D1A2B3C4E5F6A7B8C9D0E5A1 /* WeightedInterleave.swift */; };
		D1A2B3C4E5F6A7B8C9D0E5C1 /* WeightedInterleave.swift in Sources */ = {isa = PBXBuildFile; fileRef = D1A2B3C4E5F6A7B8C9D0E5A1 /* WeightedInterleave.swift */; };
		2250597CE2634A2912C8AA2D /* FeedDiagnosticsView.swift in Sources */ = {isa = PBXBuildFile; fileRef = 41E72CBBDCB17B924FBA3774 /* FeedDiagnosticsView.swift */; };
		CDA2C65DD97BCE4EF8C102B8 /* FeedDiagnosticsView.swift in Sources */ = {isa = PBXBuildFile; fileRef = 41E72CBBDCB17B924FBA3774 /* FeedDiagnosticsView.swift */; };
		F37D6AEC4B7D7AF6222FDC2B /* DislikeServiceTests.swift in Sources */ = {isa = PBXBuildFile; fileRef = BBB1A9F1F05CA6AF0EFBF653 /* DislikeServiceTests.swift */; };
		6D908916D87E55C6B086D33B /* FeedbackLoopTests.swift in Sources */ = {isa = PBXBuildFile; fileRef = D18B0D304B5F8925DFF3A7A9 /* FeedbackLoopTests.swift */; };
/* End PBXBuildFile section */

/* Begin PBXContainerItemProxy section */
		C268E8BF3C7091AAA3E41A10 /* PBXContainerItemProxy */ = {
			isa = PBXContainerItemProxy;
			containerPortal = 9ADFF5926EAD9B59D340BCC7 /* Project object */;
			proxyType = 1;
			remoteGlobalIDString = ECDDEE56DF0FAF2214D9400A;
			remoteInfo = "Crate-macOS";
		};
		E4E979C2F643639D36FCF5B2 /* PBXContainerItemProxy */ = {
			isa = PBXContainerItemProxy;
			containerPortal = 9ADFF5926EAD9B59D340BCC7 /* Project object */;
			proxyType = 1;
			remoteGlobalIDString = C0EDCB09F4CDA18B4E022F8D;
			remoteInfo = "Crate-iOS";
		};
		F2757BDBEC4170F00DBDEE16 /* PBXContainerItemProxy */ = {
			isa = PBXContainerItemProxy;
			containerPortal = 9ADFF5926EAD9B59D340BCC7 /* Project object */;
			proxyType = 1;
			remoteGlobalIDString = C0EDCB09F4CDA18B4E022F8D;
			remoteInfo = "Crate-iOS";
		};
/* End PBXContainerItemProxy section */

/* Begin PBXFileReference section */
		08D5F4EF8CD16C1AD3CAF1C6 /* AlbumArtworkView.swift */ = {isa = PBXFileReference; lastKnownFileType = sourcecode.swift; path = AlbumArtworkView.swift; sourceTree = "<group>"; };
		09BD65B49FD068A855826EC0 /* EmptyStateView.swift */ = {isa = PBXFileReference; lastKnownFileType = sourcecode.swift; path = EmptyStateView.swift; sourceTree = "<group>"; };
		0A7C8FA54276C4F9DDDCBEE2 /* PlaybackViewModel.swift */ = {isa = PBXFileReference; lastKnownFileType = sourcecode.swift; path = PlaybackViewModel.swift; sourceTree = "<group>"; };
		0CB271E8593086FE76B920B4 /* Genre.swift */ = {isa = PBXFileReference; lastKnownFileType = sourcecode.swift; path = Genre.swift; sourceTree = "<group>"; };
		A1B2C3D4E5F6A7B8C9D0E1F2 /* CrateDial.swift */ = {isa = PBXFileReference; lastKnownFileType = sourcecode.swift; path = CrateDial.swift; sourceTree = "<group>"; };
		A1B2C3D4E5F6A7B8C9D0E1F3 /* CrateDialStore.swift */ = {isa = PBXFileReference; lastKnownFileType = sourcecode.swift; path = CrateDialStore.swift; sourceTree = "<group>"; };
		A1B2C3D4E5F6A7B8C9D0E1F4 /* CrateWallService.swift */ = {isa = PBXFileReference; lastKnownFileType = sourcecode.swift; path = CrateWallService.swift; sourceTree = "<group>"; };
		A1B2C3D4E5F6A7B8C9D0E1F5 /* CrateWallViewModel.swift */ = {isa = PBXFileReference; lastKnownFileType = sourcecode.swift; path = CrateWallViewModel.swift; sourceTree = "<group>"; };
		A1B2C3D4E5F6A7B8C9D0E1F6 /* WallGridItemView.swift */ = {isa = PBXFileReference; lastKnownFileType = sourcecode.swift; path = WallGridItemView.swift; sourceTree = "<group>"; };
		A1B2C3D4E5F6A7B8C9D0E1F7 /* SettingsView.swift */ = {isa = PBXFileReference; lastKnownFileType = sourcecode.swift; path = SettingsView.swift; sourceTree = "<group>"; };
		1449F397DA9B96CAC8E27C35 /* BrowseViewModel.swift */ = {isa = PBXFileReference; lastKnownFileType = sourcecode.swift; path = BrowseViewModel.swift; sourceTree = "<group>"; };
		16D6C250DBE8BCA0E1A87510 /* View+Extensions.swift */ = {isa = PBXFileReference; lastKnownFileType = sourcecode.swift; path = "View+Extensions.swift"; sourceTree = "<group>"; };
		1748BF975FFA0E81C5222D7B /* AuthViewModel.swift */ = {isa = PBXFileReference; lastKnownFileType = sourcecode.swift; path = AuthViewModel.swift; sourceTree = "<group>"; };
		178A2E61284F45CF7AA7DECA /* AlbumDetailViewModel.swift */ = {isa = PBXFileReference; lastKnownFileType = sourcecode.swift; path = AlbumDetailViewModel.swift; sourceTree = "<group>"; };
		1A0571F96221FA51A3226206 /* MusicService.swift */ = {isa = PBXFileReference; lastKnownFileType = sourcecode.swift; path = MusicService.swift; sourceTree = "<group>"; };
		2F9DC97E55FE86FA4EE14786 /* Genres.swift */ = {isa = PBXFileReference; lastKnownFileType = sourcecode.swift; path = Genres.swift; sourceTree = "<group>"; };
		384B870D0B8AB9D5D4504BC3 /* CrateTests-macOS.xctest */ = {isa = PBXFileReference; explicitFileType = wrapper.cfbundle; includeInIndex = 0; path = "CrateTests-macOS.xctest"; sourceTree = BUILT_PRODUCTS_DIR; };
		3E568C4AF26CD6CCDF589FF4 /* GenreBarView.swift */ = {isa = PBXFileReference; lastKnownFileType = sourcecode.swift; path = GenreBarView.swift; sourceTree = "<group>"; };
		43B2FCD8B50D5C7A5470669B /* CrateTests-iOS.xctest */ = {isa = PBXFileReference; includeInIndex = 0; lastKnownFileType = wrapper.cfbundle; path = "CrateTests-iOS.xctest"; sourceTree = BUILT_PRODUCTS_DIR; };
		44F93D20E31EDF38D19E7FC9 /* Assets.xcassets */ = {isa = PBXFileReference; lastKnownFileType = folder.assetcatalog; path = Assets.xcassets; sourceTree = "<group>"; };
		4A0ECC591B10D4E551B6BA35 /* LoadingView.swift */ = {isa = PBXFileReference; lastKnownFileType = sourcecode.swift; path = LoadingView.swift; sourceTree = "<group>"; };
		65238F1C7C265996E715430E /* CrateApp.swift */ = {isa = PBXFileReference; lastKnownFileType = sourcecode.swift; path = CrateApp.swift; sourceTree = "<group>"; };
		6564F1160F7891E5A0EB0496 /* Album.swift */ = {isa = PBXFileReference; lastKnownFileType = sourcecode.swift; path = Album.swift; sourceTree = "<group>"; };
		6AE5714412843D597878B204 /* BrowseFlowTests.swift */ = {isa = PBXFileReference; lastKnownFileType = sourcecode.swift; path = BrowseFlowTests.swift; sourceTree = "<group>"; };
		6BBCF00848DAE0F14C5252E9 /* MusicKit+Extensions.swift */ = {isa = PBXFileReference; lastKnownFileType = sourcecode.swift; path = "MusicKit+Extensions.swift"; sourceTree = "<group>"; };
		725C9493A0C8223AB4C9B4A9 /* ContentView.swift */ = {isa = PBXFileReference; lastKnownFileType = sourcecode.swift; path = ContentView.swift; sourceTree = "<group>"; };
		77A5003AD0F52B54EA13B311 /* FavoriteAlbum.swift */ = {isa = PBXFileReference; lastKnownFileType = sourcecode.swift; path = FavoriteAlbum.swift; sourceTree = "<group>"; };
		827F757E10301DFAA718FEDA /* AlbumGridView.swift */ = {isa = PBXFileReference; lastKnownFileType = sourcecode.swift; path = AlbumGridView.swift; sourceTree = "<group>"; };
		8B1A30CDB5641A4984B2EB6F /* GenreTaxonomyTests.swift */ = {isa = PBXFileReference; lastKnownFileType = sourcecode.swift; path = GenreTaxonomyTests.swift; sourceTree = "<group>"; };
		8EEADEB674B4516B5A57969B /* PlaybackFooterView.swift */ = {isa = PBXFileReference; lastKnownFileType = sourcecode.swift; path = PlaybackFooterView.swift; sourceTree = "<group>"; };
		90F040B6A7EE320FB6026884 /* AuthView.swift */ = {isa = PBXFileReference; lastKnownFileType = sourcecode.swift; path = AuthView.swift; sourceTree = "<group>"; };
		975D9BBC7D1F9C9C2C703FB8 /* TrackListView.swift */ = {isa = PBXFileReference; lastKnownFileType = sourcecode.swift; path = TrackListView.swift; sourceTree = "<group>"; };
		9E957545250FA05F9DAF2345 /* CrateUITests-iOS.xctest */ = {isa = PBXFileReference; includeInIndex = 0; lastKnownFileType = wrapper.cfbundle; path = "CrateUITests-iOS.xctest"; sourceTree = BUILT_PRODUCTS_DIR; };
		9FDF960A0427D389BCEFFBD2 /* PlaybackFlowTests.swift */ = {isa = PBXFileReference; lastKnownFileType = sourcecode.swift; path = PlaybackFlowTests.swift; sourceTree = "<group>"; };
		B9812D56793559E3EE89FECB /* Crate.app */ = {isa = PBXFileReference; explicitFileType = wrapper.application; includeInIndex = 0; name = Crate.app; path = "Crate-macOS.app"; sourceTree = BUILT_PRODUCTS_DIR; };
		BFDE8244CA744240D6D8F64B /* FavoritesServiceTests.swift */ = {isa = PBXFileReference; lastKnownFileType = sourcecode.swift; path = FavoritesServiceTests.swift; sourceTree = "<group>"; };
		C0EF38353AD0F9C87727F34F /* BrowseView.swift */ = {isa = PBXFileReference; lastKnownFileType = sourcecode.swift; path = BrowseView.swift; sourceTree = "<group>"; };

		CCCAE3E3C156199B42C40FC4 /* MusicServiceTests.swift */ = {isa = PBXFileReference; lastKnownFileType = sourcecode.swift; path = MusicServiceTests.swift; sourceTree = "<group>"; };
		D1A2B3C4E5F6A7B8C9D0E1A1 /* DislikedAlbum.swift */ = {isa = PBXFileReference; lastKnownFileType = sourcecode.swift; path = DislikedAlbum.swift; sourceTree = "<group>"; };
		D1A2B3C4E5F6A7B8C9D0E2A1 /* GenreFeedSignal.swift */ = {isa = PBXFileReference; lastKnownFileType = sourcecode.swift; path = GenreFeedSignal.swift; sourceTree = "<group>"; };
		D1A2B3C4E5F6A7B8C9D0E3A1 /* DislikeService.swift */ = {isa = PBXFileReference; lastKnownFileType = sourcecode.swift; path = DislikeService.swift; sourceTree = "<group>"; };
		D1A2B3C4E5F6A7B8C9D0E4A1 /* GenreFeedService.swift */ = {isa = PBXFileReference; lastKnownFileType = sourcecode.swift; path = GenreFeedService.swift; sourceTree = "<group>"; };
		D1A2B3C4E5F6A7B8C9D0E5A1 /* WeightedInterleave.swift */ = {isa = PBXFileReference; lastKnownFileType = sourcecode.swift; path = WeightedInterleave.swift; sourceTree = "<group>"; };
		D03A2FCC458D6263935E01AD /* Crate-iOS.app */ = {isa = PBXFileReference; explicitFileType = wrapper.application; includeInIndex = 0; path = "Crate-iOS.app"; sourceTree = BUILT_PRODUCTS_DIR; };
		E1BFFBA0E43FF384AA140DE2 /* AlbumDetailView.swift */ = {isa = PBXFileReference; lastKnownFileType = sourcecode.swift; path = AlbumDetailView.swift; sourceTree = "<group>"; };
		E5775BDEDC01DDE90837FE55 /* GenreTaxonomy.swift */ = {isa = PBXFileReference; lastKnownFileType = sourcecode.swift; path = GenreTaxonomy.swift; sourceTree = "<group>"; };
		F12F921E65C293534215B0E9 /* BrowseViewModelTests.swift */ = {isa = PBXFileReference; lastKnownFileType = sourcecode.swift; path = BrowseViewModelTests.swift; sourceTree = "<group>"; };
		F15F477BD91295217797621B /* FavoritesService.swift */ = {isa = PBXFileReference; lastKnownFileType = sourcecode.swift; path = FavoritesService.swift; sourceTree = "<group>"; };
		F34A2B43EBFA342D96C3432E /* GenreService.swift */ = {isa = PBXFileReference; lastKnownFileType = sourcecode.swift; path = GenreService.swift; sourceTree = "<group>"; };
		F67D2942E083C422FD657DC4 /* MacCommands.swift */ = {isa = PBXFileReference; lastKnownFileType = sourcecode.swift; path = MacCommands.swift; sourceTree = "<group>"; };
		41E72CBBDCB17B924FBA3774 /* FeedDiagnosticsView.swift */ = {isa = PBXFileReference; lastKnownFileType = sourcecode.swift; path = FeedDiagnosticsView.swift; sourceTree = "<group>"; };
		BBB1A9F1F05CA6AF0EFBF653 /* DislikeServiceTests.swift */ = {isa = PBXFileReference; lastKnownFileType = sourcecode.swift; path = DislikeServiceTests.swift; sourceTree = "<group>"; };
		D18B0D304B5F8925DFF3A7A9 /* FeedbackLoopTests.swift */ = {isa = PBXFileReference; lastKnownFileType = sourcecode.swift; path = FeedbackLoopTests.swift; sourceTree = "<group>"; };
/* End PBXFileReference section */

/* Begin PBXGroup section */
		02790D8819E7AD3A85DE90BB /* Crate */ = {
			isa = PBXGroup;
			children = (
				725C9493A0C8223AB4C9B4A9 /* ContentView.swift */,
				65238F1C7C265996E715430E /* CrateApp.swift */,
				6D58E9CC42E39E636FD6F91C /* Config */,
				8A484C211A6E9F6D66DC3B76 /* Extensions */,
				A423C5756A13CD7CD5B26A75 /* Models */,
				EAA2D38414B8D71ABDE12D1B /* Resources */,
				E01EBAC3E70D0E285DD9172F /* Services */,
				221D0A18724FE5FCE74E0630 /* ViewModels */,
				74C492DD680407A698EEBED7 /* Views */,
			);
			path = Crate;
			sourceTree = "<group>";
		};
		05CC075F914A6E00BBB11C54 /* CrateTests */ = {
			isa = PBXGroup;
			children = (
				F12F921E65C293534215B0E9 /* BrowseViewModelTests.swift */,
				BBB1A9F1F05CA6AF0EFBF653 /* DislikeServiceTests.swift */,
				BFDE8244CA744240D6D8F64B /* FavoritesServiceTests.swift */,
				D18B0D304B5F8925DFF3A7A9 /* FeedbackLoopTests.swift */,
				8B1A30CDB5641A4984B2EB6F /* GenreTaxonomyTests.swift */,
				CCCAE3E3C156199B42C40FC4 /* MusicServiceTests.swift */,
			);
			path = CrateTests;
			sourceTree = "<group>";
		};
		14E4B8B19F6D21299A4A51BF /* Crate-macOS */ = {
			isa = PBXGroup;
			children = (
				F67D2942E083C422FD657DC4 /* MacCommands.swift */,
			);
			path = "Crate-macOS";
			sourceTree = "<group>";
		};
		221D0A18724FE5FCE74E0630 /* ViewModels */ = {
			isa = PBXGroup;
			children = (
				178A2E61284F45CF7AA7DECA /* AlbumDetailViewModel.swift */,
				1748BF975FFA0E81C5222D7B /* AuthViewModel.swift */,
				1449F397DA9B96CAC8E27C35 /* BrowseViewModel.swift */,
				A1B2C3D4E5F6A7B8C9D0E1F5 /* CrateWallViewModel.swift */,
				0A7C8FA54276C4F9DDDCBEE2 /* PlaybackViewModel.swift */,
			);
			path = ViewModels;
			sourceTree = "<group>";
		};
		330B5FDF2E8EFF5F653A9F19 /* Browse */ = {
			isa = PBXGroup;
			children = (

				827F757E10301DFAA718FEDA /* AlbumGridView.swift */,
				C0EF38353AD0F9C87727F34F /* BrowseView.swift */,
				3E568C4AF26CD6CCDF589FF4 /* GenreBarView.swift */,
				A1B2C3D4E5F6A7B8C9D0E1F6 /* WallGridItemView.swift */,
			);
			path = Browse;
			sourceTree = "<group>";
		};
		37442C68798B988F91A519A4 /* Playback */ = {
			isa = PBXGroup;
			children = (
				8EEADEB674B4516B5A57969B /* PlaybackFooterView.swift */,
			);
			path = Playback;
			sourceTree = "<group>";
		};
		6D58E9CC42E39E636FD6F91C /* Config */ = {
			isa = PBXGroup;
			children = (
				A1B2C3D4E5F6A7B8C9D0E1F3 /* CrateDialStore.swift */,
				2F9DC97E55FE86FA4EE14786 /* Genres.swift */,
			);
			path = Config;
			sourceTree = "<group>";
		};
		74C492DD680407A698EEBED7 /* Views */ = {
			isa = PBXGroup;
			children = (
				992AA9777D4BCDCDA0804761 /* AlbumDetail */,
				F1D8C60350853B57FB8AE99B /* Auth */,
				330B5FDF2E8EFF5F653A9F19 /* Browse */,
				37442C68798B988F91A519A4 /* Playback */,
				D1E2F3A4B5C6D7E8F9A0B1C2 /* Settings */,
				BA71E5779184EA00724686F9 /* Shared */,
			);
			path = Views;
			sourceTree = "<group>";
		};
		864BAD7579EE60313B8F975D /* CrateUITests */ = {
			isa = PBXGroup;
			children = (
				6AE5714412843D597878B204 /* BrowseFlowTests.swift */,
				9FDF960A0427D389BCEFFBD2 /* PlaybackFlowTests.swift */,
			);
			path = CrateUITests;
			sourceTree = "<group>";
		};
		8A484C211A6E9F6D66DC3B76 /* Extensions */ = {
			isa = PBXGroup;
			children = (
				6BBCF00848DAE0F14C5252E9 /* MusicKit+Extensions.swift */,
				16D6C250DBE8BCA0E1A87510 /* View+Extensions.swift */,
			);
			path = Extensions;
			sourceTree = "<group>";
		};
		992AA9777D4BCDCDA0804761 /* AlbumDetail */ = {
			isa = PBXGroup;
			children = (
				E1BFFBA0E43FF384AA140DE2 /* AlbumDetailView.swift */,
				975D9BBC7D1F9C9C2C703FB8 /* TrackListView.swift */,
			);
			path = AlbumDetail;
			sourceTree = "<group>";
		};
		A423C5756A13CD7CD5B26A75 /* Models */ = {
			isa = PBXGroup;
			children = (
				6564F1160F7891E5A0EB0496 /* Album.swift */,
				A1B2C3D4E5F6A7B8C9D0E1F2 /* CrateDial.swift */,
				D1A2B3C4E5F6A7B8C9D0E1A1 /* DislikedAlbum.swift */,
				77A5003AD0F52B54EA13B311 /* FavoriteAlbum.swift */,
				0CB271E8593086FE76B920B4 /* Genre.swift */,
				D1A2B3C4E5F6A7B8C9D0E2A1 /* GenreFeedSignal.swift */,
				E5775BDEDC01DDE90837FE55 /* GenreTaxonomy.swift */,
			);
			path = Models;
			sourceTree = "<group>";
		};
		BA71E5779184EA00724686F9 /* Shared */ = {
			isa = PBXGroup;
			children = (
				08D5F4EF8CD16C1AD3CAF1C6 /* AlbumArtworkView.swift */,
				09BD65B49FD068A855826EC0 /* EmptyStateView.swift */,
				4A0ECC591B10D4E551B6BA35 /* LoadingView.swift */,
			);
			path = Shared;
			sourceTree = "<group>";
		};
		D1E2F3A4B5C6D7E8F9A0B1C2 /* Settings */ = {
			isa = PBXGroup;
			children = (
				41E72CBBDCB17B924FBA3774 /* FeedDiagnosticsView.swift */,
				A1B2C3D4E5F6A7B8C9D0E1F7 /* SettingsView.swift */,
			);
			path = Settings;
			sourceTree = "<group>";
		};
		C79DB4467C20A8488B8B447B = {
			isa = PBXGroup;
			children = (
				02790D8819E7AD3A85DE90BB /* Crate */,
				14E4B8B19F6D21299A4A51BF /* Crate-macOS */,
				05CC075F914A6E00BBB11C54 /* CrateTests */,
				864BAD7579EE60313B8F975D /* CrateUITests */,
				DB93F282A8026B470F1903D5 /* Products */,
			);
			sourceTree = "<group>";
		};
		DB93F282A8026B470F1903D5 /* Products */ = {
			isa = PBXGroup;
			children = (
				D03A2FCC458D6263935E01AD /* Crate-iOS.app */,
				B9812D56793559E3EE89FECB /* Crate.app */,
				43B2FCD8B50D5C7A5470669B /* CrateTests-iOS.xctest */,
				384B870D0B8AB9D5D4504BC3 /* CrateTests-macOS.xctest */,
				9E957545250FA05F9DAF2345 /* CrateUITests-iOS.xctest */,
			);
			name = Products;
			sourceTree = "<group>";
		};
		E01EBAC3E70D0E285DD9172F /* Services */ = {
			isa = PBXGroup;
			children = (
				A1B2C3D4E5F6A7B8C9D0E1F4 /* CrateWallService.swift */,
				D1A2B3C4E5F6A7B8C9D0E3A1 /* DislikeService.swift */,
				F15F477BD91295217797621B /* FavoritesService.swift */,
				D1A2B3C4E5F6A7B8C9D0E4A1 /* GenreFeedService.swift */,
				F34A2B43EBFA342D96C3432E /* GenreService.swift */,
				1A0571F96221FA51A3226206 /* MusicService.swift */,
				D1A2B3C4E5F6A7B8C9D0E5A1 /* WeightedInterleave.swift */,
			);
			path = Services;
			sourceTree = "<group>";
		};
		EAA2D38414B8D71ABDE12D1B /* Resources */ = {
			isa = PBXGroup;
			children = (
				44F93D20E31EDF38D19E7FC9 /* Assets.xcassets */,
			);
			path = Resources;
			sourceTree = "<group>";
		};
		F1D8C60350853B57FB8AE99B /* Auth */ = {
			isa = PBXGroup;
			children = (
				90F040B6A7EE320FB6026884 /* AuthView.swift */,
			);
			path = Auth;
			sourceTree = "<group>";
		};
/* End PBXGroup section */

/* Begin PBXNativeTarget section */
		1DFA48C15F71131133763698 /* CrateTests-iOS */ = {
			isa = PBXNativeTarget;
			buildConfigurationList = D0BB1DEB12F12B7B96FB4E3D /* Build configuration list for PBXNativeTarget "CrateTests-iOS" */;
			buildPhases = (
				A55726C50A5DF32A234B444A /* Sources */,
			);
			buildRules = (
			);
			dependencies = (
				4481625EF0A3265AE0F6EA85 /* PBXTargetDependency */,
			);
			name = "CrateTests-iOS";
			packageProductDependencies = (
			);
			productName = "CrateTests-iOS";
			productReference = 43B2FCD8B50D5C7A5470669B /* CrateTests-iOS.xctest */;
			productType = "com.apple.product-type.bundle.unit-test";
		};
		9EA7A429DC4F78F4E5B6C80D /* CrateTests-macOS */ = {
			isa = PBXNativeTarget;
			buildConfigurationList = 7B2C4F2BB8AF223658793FBE /* Build configuration list for PBXNativeTarget "CrateTests-macOS" */;
			buildPhases = (
				3FD080AF38616F93FD7A402E /* Sources */,
			);
			buildRules = (
			);
			dependencies = (
				3DA2ABD32CB1CBEE4FDEF2B7 /* PBXTargetDependency */,
			);
			name = "CrateTests-macOS";
			packageProductDependencies = (
			);
			productName = "CrateTests-macOS";
			productReference = 384B870D0B8AB9D5D4504BC3 /* CrateTests-macOS.xctest */;
			productType = "com.apple.product-type.bundle.unit-test";
		};
		C0EDCB09F4CDA18B4E022F8D /* Crate-iOS */ = {
			isa = PBXNativeTarget;
			buildConfigurationList = A8F9C7186CCDC56B5C5BE44C /* Build configuration list for PBXNativeTarget "Crate-iOS" */;
			buildPhases = (
				940F49B95E76FD7C00D580AF /* Sources */,
				3FF141BE3387A3F591098255 /* Resources */,
			);
			buildRules = (
			);
			dependencies = (
			);
			name = "Crate-iOS";
			packageProductDependencies = (
			);
			productName = "Crate-iOS";
			productReference = D03A2FCC458D6263935E01AD /* Crate-iOS.app */;
			productType = "com.apple.product-type.application";
		};
		C1AAB649D1EAE3D00C89BEA9 /* CrateUITests-iOS */ = {
			isa = PBXNativeTarget;
			buildConfigurationList = 420BD5860DA22FA73B98C681 /* Build configuration list for PBXNativeTarget "CrateUITests-iOS" */;
			buildPhases = (
				2CEDAC2E3155C3B4AB6C9580 /* Sources */,
			);
			buildRules = (
			);
			dependencies = (
				8AB1C7C9027D47ECC93FC636 /* PBXTargetDependency */,
			);
			name = "CrateUITests-iOS";
			packageProductDependencies = (
			);
			productName = "CrateUITests-iOS";
			productReference = 9E957545250FA05F9DAF2345 /* CrateUITests-iOS.xctest */;
			productType = "com.apple.product-type.bundle.ui-testing";
		};
		ECDDEE56DF0FAF2214D9400A /* Crate-macOS */ = {
			isa = PBXNativeTarget;
			buildConfigurationList = F77E6678F7CEAAFF3D6E71D9 /* Build configuration list for PBXNativeTarget "Crate-macOS" */;
			buildPhases = (
				A33D6096712783DB9C861BD0 /* Sources */,
				56127DA2FE9B870E3F4ED0F6 /* Resources */,
			);
			buildRules = (
			);
			dependencies = (
			);
			name = "Crate-macOS";
			packageProductDependencies = (
			);
			productName = "Crate-macOS";
			productReference = B9812D56793559E3EE89FECB /* Crate.app */;
			productType = "com.apple.product-type.application";
		};
/* End PBXNativeTarget section */

/* Begin PBXProject section */
		9ADFF5926EAD9B59D340BCC7 /* Project object */ = {
			isa = PBXProject;
			attributes = {
				BuildIndependentTargetsInParallel = YES;
				LastUpgradeCheck = 1600;
				TargetAttributes = {
					C1AAB649D1EAE3D00C89BEA9 = {
						TestTargetID = C0EDCB09F4CDA18B4E022F8D;
					};
				};
			};
			buildConfigurationList = CE718F41822762418C79AB24 /* Build configuration list for PBXProject "Crate" */;
			compatibilityVersion = "Xcode 14.0";
			developmentRegion = en;
			hasScannedForEncodings = 0;
			knownRegions = (
				Base,
				en,
			);
			mainGroup = C79DB4467C20A8488B8B447B;
			minimizedProjectReferenceProxies = 1;
			projectDirPath = "";
			projectRoot = "";
			targets = (
				C0EDCB09F4CDA18B4E022F8D /* Crate-iOS */,
				ECDDEE56DF0FAF2214D9400A /* Crate-macOS */,
				1DFA48C15F71131133763698 /* CrateTests-iOS */,
				9EA7A429DC4F78F4E5B6C80D /* CrateTests-macOS */,
				C1AAB649D1EAE3D00C89BEA9 /* CrateUITests-iOS */,
			);
		};
/* End PBXProject section */

/* Begin PBXResourcesBuildPhase section */
		3FF141BE3387A3F591098255 /* Resources */ = {
			isa = PBXResourcesBuildPhase;
			buildActionMask = 2147483647;
			files = (
				5F224429AB235403AE01483F /* Assets.xcassets in Resources */,
			);
			runOnlyForDeploymentPostprocessing = 0;
		};
		56127DA2FE9B870E3F4ED0F6 /* Resources */ = {
			isa = PBXResourcesBuildPhase;
			buildActionMask = 2147483647;
			files = (
				BB7D1BC2895CDCA1558ADFE7 /* Assets.xcassets in Resources */,
			);
			runOnlyForDeploymentPostprocessing = 0;
		};
/* End PBXResourcesBuildPhase section */

/* Begin PBXSourcesBuildPhase section */
		2CEDAC2E3155C3B4AB6C9580 /* Sources */ = {
			isa = PBXSourcesBuildPhase;
			buildActionMask = 2147483647;
			files = (
				3C051ABBE8C69A351964759B /* BrowseFlowTests.swift in Sources */,
				93FCB69008600D1E66E08777 /* PlaybackFlowTests.swift in Sources */,
			);
			runOnlyForDeploymentPostprocessing = 0;
		};
		3FD080AF38616F93FD7A402E /* Sources */ = {
			isa = PBXSourcesBuildPhase;
			buildActionMask = 2147483647;
			files = (
				9D2A5C2C2BF293C90CEC9980 /* BrowseViewModelTests.swift in Sources */,
				99E1ABBD9B230A3BF38038EB /* FavoritesServiceTests.swift in Sources */,
				9EA5BA980B5659A812C355AC /* GenreTaxonomyTests.swift in Sources */,
				5002941B1CA680C6C920630F /* MusicServiceTests.swift in Sources */,
			);
			runOnlyForDeploymentPostprocessing = 0;
		};
		940F49B95E76FD7C00D580AF /* Sources */ = {
			isa = PBXSourcesBuildPhase;
			buildActionMask = 2147483647;
			files = (
				0AE776891928B987A19910D2 /* Album.swift in Sources */,
				4D89103F64DE6D3225AAA47B /* AlbumArtworkView.swift in Sources */,
				7E458214B05AFC37C425A23C /* AlbumDetailView.swift in Sources */,
				C2B19AD45472E5483DACD1AF /* AlbumDetailViewModel.swift in Sources */,

				92D68C10E94070B582B6DEE4 /* AlbumGridView.swift in Sources */,
				671D1F168FC648B79B3870A3 /* AuthView.swift in Sources */,
				BE04C0C0ED7287525310E812 /* AuthViewModel.swift in Sources */,
				EC661EB6958F1CD3FE1EB4C8 /* BrowseView.swift in Sources */,
				E117E036B2DF4FAC186AB229 /* BrowseViewModel.swift in Sources */,
				1D4BC14548ABE22E18C26181 /* ContentView.swift in Sources */,
				03734A18D75D0BB7375CF460 /* CrateApp.swift in Sources */,
				B1C2D3E4F5A6B7C8D9E0F1A2 /* CrateDial.swift in Sources */,
				B1C2D3E4F5A6B7C8D9E0F1A3 /* CrateDialStore.swift in Sources */,
				B1C2D3E4F5A6B7C8D9E0F1A4 /* CrateWallService.swift in Sources */,
				B1C2D3E4F5A6B7C8D9E0F1A5 /* CrateWallViewModel.swift in Sources */,
				D1A2B3C4E5F6A7B8C9D0E3B1 /* DislikeService.swift in Sources */,
				D1A2B3C4E5F6A7B8C9D0E1B1 /* DislikedAlbum.swift in Sources */,
				AD0CFCA8F177E21DE8B018BA /* EmptyStateView.swift in Sources */,
				CEF6D41446756C9E340027B8 /* FavoriteAlbum.swift in Sources */,
				90C779F422A00F02C7A8CC21 /* FavoritesService.swift in Sources */,
				2250597CE2634A2912C8AA2D /* FeedDiagnosticsView.swift in Sources */,
				0D62CB3DD83BA46292A409FE /* Genre.swift in Sources */,
				6C7A777A07D0B653B0738D44 /* GenreBarView.swift in Sources */,
				D1A2B3C4E5F6A7B8C9D0E4B1 /* GenreFeedService.swift in Sources */,
				D1A2B3C4E5F6A7B8C9D0E2B1 /* GenreFeedSignal.swift in Sources */,
				786F649FCB8D7A8D2C12C06F /* GenreService.swift in Sources */,
				6E7F913408719D1E35406669 /* GenreTaxonomy.swift in Sources */,
				6D4DFDFF046D5C0791B30B36 /* Genres.swift in Sources */,
				0054BD10545E6C1F0BE596FF /* LoadingView.swift in Sources */,
				4AA44309D42742AE72556DE5 /* MusicKit+Extensions.swift in Sources */,
				C3AC9AC41ADCE6FC84618514 /* MusicService.swift in Sources */,
				E566A3840994EBAC19F5736F /* PlaybackFooterView.swift in Sources */,
				FC9CD7A007BEB38F2C7C465A /* PlaybackViewModel.swift in Sources */,
				B1C2D3E4F5A6B7C8D9E0F1A7 /* SettingsView.swift in Sources */,
				A8FFCBB26C049A9E649976BE /* TrackListView.swift in Sources */,
				B7902DA06B5CBB9CAC7701DB /* View+Extensions.swift in Sources */,
				B1C2D3E4F5A6B7C8D9E0F1A6 /* WallGridItemView.swift in Sources */,
				D1A2B3C4E5F6A7B8C9D0E5B1 /* WeightedInterleave.swift in Sources */,
			);
			runOnlyForDeploymentPostprocessing = 0;
		};
		A33D6096712783DB9C861BD0 /* Sources */ = {
			isa = PBXSourcesBuildPhase;
			buildActionMask = 2147483647;
			files = (
				92BABD2A527F4C55075A9E34 /* Album.swift in Sources */,
				AC35A72E290198781D2BAF33 /* AlbumArtworkView.swift in Sources */,
				E3E4C48987ADECA0A71AE5E6 /* AlbumDetailView.swift in Sources */,
				18CFD0CE7EAFCD08F9A83182 /* AlbumDetailViewModel.swift in Sources */,

				078B9C50128D289C7E910847 /* AlbumGridView.swift in Sources */,
				7A65201A04FA603815C45ED7 /* AuthView.swift in Sources */,
				9F08B9A73370E0A7645F361A /* AuthViewModel.swift in Sources */,
				B16A46F05C9280746E5EB116 /* BrowseView.swift in Sources */,
				2272B3AF0D32D90C1A10074E /* BrowseViewModel.swift in Sources */,
				8C61835E7F742DDB1147B30C /* ContentView.swift in Sources */,
				FCD1828A1BC38F07DCDC7FCB /* CrateApp.swift in Sources */,
				C1D2E3F4A5B6C7D8E9F0A1B2 /* CrateDial.swift in Sources */,
				C1D2E3F4A5B6C7D8E9F0A1B3 /* CrateDialStore.swift in Sources */,
				C1D2E3F4A5B6C7D8E9F0A1B4 /* CrateWallService.swift in Sources */,
				C1D2E3F4A5B6C7D8E9F0A1B5 /* CrateWallViewModel.swift in Sources */,
				D1A2B3C4E5F6A7B8C9D0E3C1 /* DislikeService.swift in Sources */,
				D1A2B3C4E5F6A7B8C9D0E1C1 /* DislikedAlbum.swift in Sources */,
				E96AC8BC4D27CF0598C9EDFB /* EmptyStateView.swift in Sources */,
				C01C2A0BED6998189EB8129E /* FavoriteAlbum.swift in Sources */,
				309F76C9FDF378063168FE7F /* FavoritesService.swift in Sources */,
				CDA2C65DD97BCE4EF8C102B8 /* FeedDiagnosticsView.swift in Sources */,
				790D7C870E9EE54BC019F969 /* Genre.swift in Sources */,
				527CC484E81B835E9B2834E4 /* GenreBarView.swift in Sources */,
				D1A2B3C4E5F6A7B8C9D0E4C1 /* GenreFeedService.swift in Sources */,
				D1A2B3C4E5F6A7B8C9D0E2C1 /* GenreFeedSignal.swift in Sources */,
				6A158452E2026233E9FBD81D /* GenreService.swift in Sources */,
				59909BB3E8CD831392EE3C5E /* GenreTaxonomy.swift in Sources */,
				C0D9874A724C4067BFDF78F0 /* Genres.swift in Sources */,
				F5D7EB85A00194FA95397A59 /* LoadingView.swift in Sources */,
				6EFC38FEC56E797B26B1AEA8 /* MacCommands.swift in Sources */,
				7807F9E7882D7AF7509FD2BA /* MusicKit+Extensions.swift in Sources */,
				4792D0080DAB99B2DFA8C206 /* MusicService.swift in Sources */,
				623E9FE563B6578E542D63C6 /* PlaybackFooterView.swift in Sources */,
				FC30E080F705109825E96B67 /* PlaybackViewModel.swift in Sources */,
				C1D2E3F4A5B6C7D8E9F0A1B7 /* SettingsView.swift in Sources */,
				34648EBE4FE7FE7809C734E9 /* TrackListView.swift in Sources */,
				075188056962AB7F5EAFBED4 /* View+Extensions.swift in Sources */,
				C1D2E3F4A5B6C7D8E9F0A1B6 /* WallGridItemView.swift in Sources */,
				D1A2B3C4E5F6A7B8C9D0E5C1 /* WeightedInterleave.swift in Sources */,
			);
			runOnlyForDeploymentPostprocessing = 0;
		};
		A55726C50A5DF32A234B444A /* Sources */ = {
			isa = PBXSourcesBuildPhase;
			buildActionMask = 2147483647;
			files = (
				59A1A38C51166BDB30F34CF5 /* BrowseViewModelTests.swift in Sources */,
				F37D6AEC4B7D7AF6222FDC2B /* DislikeServiceTests.swift in Sources */,
				A429358E5AC6E9F673DB8322 /* FavoritesServiceTests.swift in Sources */,
				6D908916D87E55C6B086D33B /* FeedbackLoopTests.swift in Sources */,
				EA1587B9D58D79B2C638DDF9 /* GenreTaxonomyTests.swift in Sources */,
				BD788F03DA1256AE2A63A7D2 /* MusicServiceTests.swift in Sources */,
			);
			runOnlyForDeploymentPostprocessing = 0;
		};
/* End PBXSourcesBuildPhase section */

/* Begin PBXTargetDependency section */
		3DA2ABD32CB1CBEE4FDEF2B7 /* PBXTargetDependency */ = {
			isa = PBXTargetDependency;
			target = ECDDEE56DF0FAF2214D9400A /* Crate-macOS */;
			targetProxy = C268E8BF3C7091AAA3E41A10 /* PBXContainerItemProxy */;
		};
		4481625EF0A3265AE0F6EA85 /* PBXTargetDependency */ = {
			isa = PBXTargetDependency;
			target = C0EDCB09F4CDA18B4E022F8D /* Crate-iOS */;
			targetProxy = F2757BDBEC4170F00DBDEE16 /* PBXContainerItemProxy */;
		};
		8AB1C7C9027D47ECC93FC636 /* PBXTargetDependency */ = {
			isa = PBXTargetDependency;
			target = C0EDCB09F4CDA18B4E022F8D /* Crate-iOS */;
			targetProxy = E4E979C2F643639D36FCF5B2 /* PBXContainerItemProxy */;
		};
/* End PBXTargetDependency section */

/* Begin XCBuildConfiguration section */
		1158272FD86D48CDB650E568 /* Debug */ = {
			isa = XCBuildConfiguration;
			buildSettings = {
				BUNDLE_LOADER = "$(TEST_HOST)";
				GENERATE_INFOPLIST_FILE = YES;
				LD_RUNPATH_SEARCH_PATHS = (
					"$(inherited)",
					"@executable_path/Frameworks",
					"@loader_path/Frameworks",
				);
				PRODUCT_BUNDLE_IDENTIFIER = jamesschaffer.CrateTests;
				SDKROOT = iphoneos;
				TARGETED_DEVICE_FAMILY = "1,2";
				TEST_HOST = "$(BUILT_PRODUCTS_DIR)/Crate-iOS.app/Crate-iOS";
			};
			name = Debug;
		};
		2500BFAE8F129C2A7574CC51 /* Release */ = {
			isa = XCBuildConfiguration;
			buildSettings = {
				ASSETCATALOG_COMPILER_APPICON_NAME = AppIcon;
				CODE_SIGN_ENTITLEMENTS = "Crate-macOS/Crate_macOS.entitlements";
				COMBINE_HIDPI_IMAGES = YES;
				GENERATE_INFOPLIST_FILE = YES;
				INFOPLIST_KEY_NSAppleMusicUsageDescription = "Crate needs access to Apple Music to browse albums and play music.";
				LD_RUNPATH_SEARCH_PATHS = (
					"$(inherited)",
					"@executable_path/../Frameworks",
				);
				PRODUCT_BUNDLE_IDENTIFIER = jamesschaffer.Crate;
				SDKROOT = macosx;
			};
			name = Release;
		};
		35AE90157023590ADEF3BB9A /* Release */ = {
			isa = XCBuildConfiguration;
			buildSettings = {
				ALWAYS_SEARCH_USER_PATHS = NO;
				CLANG_ANALYZER_NONNULL = YES;
				CLANG_ANALYZER_NUMBER_OBJECT_CONVERSION = YES_AGGRESSIVE;
				CLANG_CXX_LANGUAGE_STANDARD = "gnu++14";
				CLANG_CXX_LIBRARY = "libc++";
				CLANG_ENABLE_MODULES = YES;
				CLANG_ENABLE_OBJC_ARC = YES;
				CLANG_ENABLE_OBJC_WEAK = YES;
				CLANG_WARN_BLOCK_CAPTURE_AUTORELEASING = YES;
				CLANG_WARN_BOOL_CONVERSION = YES;
				CLANG_WARN_COMMA = YES;
				CLANG_WARN_CONSTANT_CONVERSION = YES;
				CLANG_WARN_DEPRECATED_OBJC_IMPLEMENTATIONS = YES;
				CLANG_WARN_DIRECT_OBJC_ISA_USAGE = YES_ERROR;
				CLANG_WARN_DOCUMENTATION_COMMENTS = YES;
				CLANG_WARN_EMPTY_BODY = YES;
				CLANG_WARN_ENUM_CONVERSION = YES;
				CLANG_WARN_INFINITE_RECURSION = YES;
				CLANG_WARN_INT_CONVERSION = YES;
				CLANG_WARN_NON_LITERAL_NULL_CONVERSION = YES;
				CLANG_WARN_OBJC_IMPLICIT_RETAIN_SELF = YES;
				CLANG_WARN_OBJC_LITERAL_CONVERSION = YES;
				CLANG_WARN_OBJC_ROOT_CLASS = YES_ERROR;
				CLANG_WARN_QUOTED_INCLUDE_IN_FRAMEWORK_HEADER = YES;
				CLANG_WARN_RANGE_LOOP_ANALYSIS = YES;
				CLANG_WARN_STRICT_PROTOTYPES = YES;
				CLANG_WARN_SUSPICIOUS_MOVE = YES;
				CLANG_WARN_UNGUARDED_AVAILABILITY = YES_AGGRESSIVE;
				CLANG_WARN_UNREACHABLE_CODE = YES;
				CLANG_WARN__DUPLICATE_METHOD_MATCH = YES;
				COPY_PHASE_STRIP = NO;
				DEBUG_INFORMATION_FORMAT = "dwarf-with-dsym";
				ENABLE_NS_ASSERTIONS = NO;
				ENABLE_STRICT_OBJC_MSGSEND = YES;
				GCC_C_LANGUAGE_STANDARD = gnu11;
				GCC_NO_COMMON_BLOCKS = YES;
				GCC_WARN_64_TO_32_BIT_CONVERSION = YES;
				GCC_WARN_ABOUT_RETURN_TYPE = YES_ERROR;
				GCC_WARN_UNDECLARED_SELECTOR = YES;
				GCC_WARN_UNINITIALIZED_AUTOS = YES_AGGRESSIVE;
				GCC_WARN_UNUSED_FUNCTION = YES;
				GCC_WARN_UNUSED_VARIABLE = YES;
				IPHONEOS_DEPLOYMENT_TARGET = 26.0;
				MACOSX_DEPLOYMENT_TARGET = 26.0;
				MTL_ENABLE_DEBUG_INFO = NO;
				MTL_FAST_MATH = YES;
				PRODUCT_NAME = "$(TARGET_NAME)";
				SWIFT_COMPILATION_MODE = wholemodule;
				SWIFT_OPTIMIZATION_LEVEL = "-O";
				SWIFT_VERSION = 5.9;
			};
			name = Release;
		};
		47D871855492D5DE13BD39B8 /* Release */ = {
			isa = XCBuildConfiguration;
			buildSettings = {
				BUNDLE_LOADER = "$(TEST_HOST)";
				GENERATE_INFOPLIST_FILE = YES;
				LD_RUNPATH_SEARCH_PATHS = (
					"$(inherited)",
					"@executable_path/Frameworks",
					"@loader_path/Frameworks",
				);
				PRODUCT_BUNDLE_IDENTIFIER = jamesschaffer.CrateTests;
				SDKROOT = iphoneos;
				TARGETED_DEVICE_FAMILY = "1,2";
				TEST_HOST = "$(BUILT_PRODUCTS_DIR)/Crate-iOS.app/Crate-iOS";
			};
			name = Release;
		};
		5FD5173C121A7E26A79583CF /* Debug */ = {
			isa = XCBuildConfiguration;
			buildSettings = {
				BUNDLE_LOADER = "$(TEST_HOST)";
				COMBINE_HIDPI_IMAGES = YES;
				GENERATE_INFOPLIST_FILE = YES;
				LD_RUNPATH_SEARCH_PATHS = (
					"$(inherited)",
					"@executable_path/../Frameworks",
					"@loader_path/../Frameworks",
				);
				PRODUCT_BUNDLE_IDENTIFIER = jamesschaffer.CrateTests;
				SDKROOT = macosx;
				TEST_HOST = "$(BUILT_PRODUCTS_DIR)/Crate.app/Contents/MacOS/Crate";
			};
			name = Debug;
		};
		68370ED0DB215B8B347373D3 /* Debug */ = {
			isa = XCBuildConfiguration;
			buildSettings = {
				ASSETCATALOG_COMPILER_APPICON_NAME = AppIcon;
				CODE_SIGN_ENTITLEMENTS = "Crate-macOS/Crate_macOS.entitlements";
				COMBINE_HIDPI_IMAGES = YES;
				GENERATE_INFOPLIST_FILE = YES;
				INFOPLIST_KEY_NSAppleMusicUsageDescription = "Crate needs access to Apple Music to browse albums and play music.";
				LD_RUNPATH_SEARCH_PATHS = (
					"$(inherited)",
					"@executable_path/../Frameworks",
				);
				PRODUCT_BUNDLE_IDENTIFIER = jamesschaffer.Crate;
				SDKROOT = macosx;
			};
			name = Debug;
		};
		68D8E8E8E0E65842DFF290AA /* Debug */ = {
			isa = XCBuildConfiguration;
			buildSettings = {
				ASSETCATALOG_COMPILER_APPICON_NAME = AppIcon;
				CODE_SIGN_ENTITLEMENTS = "Crate-iOS/Crate_iOS.entitlements";
				CODE_SIGN_IDENTITY = "iPhone Developer";
				DEVELOPMENT_TEAM = XWBF92D63J;
				GENERATE_INFOPLIST_FILE = YES;
				INFOPLIST_KEY_NSAppleMusicUsageDescription = "Crate needs access to Apple Music to browse albums and play music.";
				INFOPLIST_KEY_UIBackgroundModes = audio;
				INFOPLIST_KEY_UILaunchScreen_Generation = YES;
				LD_RUNPATH_SEARCH_PATHS = (
					"$(inherited)",
					"@executable_path/Frameworks",
				);
				PRODUCT_BUNDLE_IDENTIFIER = jamesschaffer.Crate;
				SDKROOT = iphoneos;
				SWIFT_ACTIVE_COMPILATION_CONDITIONS = DEBUG;
				TARGETED_DEVICE_FAMILY = "1,2";
			};
			name = Debug;
		};
		7ECA123BD345F196E52FE93E /* Release */ = {
			isa = XCBuildConfiguration;
			buildSettings = {
				BUNDLE_LOADER = "$(TEST_HOST)";
				COMBINE_HIDPI_IMAGES = YES;
				GENERATE_INFOPLIST_FILE = YES;
				LD_RUNPATH_SEARCH_PATHS = (
					"$(inherited)",
					"@executable_path/../Frameworks",
					"@loader_path/../Frameworks",
				);
				PRODUCT_BUNDLE_IDENTIFIER = jamesschaffer.CrateTests;
				SDKROOT = macosx;
				TEST_HOST = "$(BUILT_PRODUCTS_DIR)/Crate.app/Contents/MacOS/Crate";
			};
			name = Release;
		};
		7F734DFE8AEA1F009F096149 /* Release */ = {
			isa = XCBuildConfiguration;
			buildSettings = {
				ASSETCATALOG_COMPILER_APPICON_NAME = AppIcon;
				CODE_SIGN_ENTITLEMENTS = "Crate-iOS/Crate_iOS.entitlements";
				CODE_SIGN_IDENTITY = "iPhone Developer";
				DEVELOPMENT_TEAM = XWBF92D63J;
				GENERATE_INFOPLIST_FILE = YES;
				INFOPLIST_KEY_NSAppleMusicUsageDescription = "Crate needs access to Apple Music to browse albums and play music.";
				INFOPLIST_KEY_UIBackgroundModes = audio;
				INFOPLIST_KEY_UILaunchScreen_Generation = YES;
				LD_RUNPATH_SEARCH_PATHS = (
					"$(inherited)",
					"@executable_path/Frameworks",
				);
				PRODUCT_BUNDLE_IDENTIFIER = jamesschaffer.Crate;
				SDKROOT = iphoneos;
				TARGETED_DEVICE_FAMILY = "1,2";
			};
			name = Release;
		};
		BD5701042534EF9CAC913D11 /* Debug */ = {
			isa = XCBuildConfiguration;
			buildSettings = {
				ALWAYS_SEARCH_USER_PATHS = NO;
				CLANG_ANALYZER_NONNULL = YES;
				CLANG_ANALYZER_NUMBER_OBJECT_CONVERSION = YES_AGGRESSIVE;
				CLANG_CXX_LANGUAGE_STANDARD = "gnu++14";
				CLANG_CXX_LIBRARY = "libc++";
				CLANG_ENABLE_MODULES = YES;
				CLANG_ENABLE_OBJC_ARC = YES;
				CLANG_ENABLE_OBJC_WEAK = YES;
				CLANG_WARN_BLOCK_CAPTURE_AUTORELEASING = YES;
				CLANG_WARN_BOOL_CONVERSION = YES;
				CLANG_WARN_COMMA = YES;
				CLANG_WARN_CONSTANT_CONVERSION = YES;
				CLANG_WARN_DEPRECATED_OBJC_IMPLEMENTATIONS = YES;
				CLANG_WARN_DIRECT_OBJC_ISA_USAGE = YES_ERROR;
				CLANG_WARN_DOCUMENTATION_COMMENTS = YES;
				CLANG_WARN_EMPTY_BODY = YES;
				CLANG_WARN_ENUM_CONVERSION = YES;
				CLANG_WARN_INFINITE_RECURSION = YES;
				CLANG_WARN_INT_CONVERSION = YES;
				CLANG_WARN_NON_LITERAL_NULL_CONVERSION = YES;
				CLANG_WARN_OBJC_IMPLICIT_RETAIN_SELF = YES;
				CLANG_WARN_OBJC_LITERAL_CONVERSION = YES;
				CLANG_WARN_OBJC_ROOT_CLASS = YES_ERROR;
				CLANG_WARN_QUOTED_INCLUDE_IN_FRAMEWORK_HEADER = YES;
				CLANG_WARN_RANGE_LOOP_ANALYSIS = YES;
				CLANG_WARN_STRICT_PROTOTYPES = YES;
				CLANG_WARN_SUSPICIOUS_MOVE = YES;
				CLANG_WARN_UNGUARDED_AVAILABILITY = YES_AGGRESSIVE;
				CLANG_WARN_UNREACHABLE_CODE = YES;
				CLANG_WARN__DUPLICATE_METHOD_MATCH = YES;
				COPY_PHASE_STRIP = NO;
				DEBUG_INFORMATION_FORMAT = dwarf;
				ENABLE_STRICT_OBJC_MSGSEND = YES;
				ENABLE_TESTABILITY = YES;
				GCC_C_LANGUAGE_STANDARD = gnu11;
				GCC_DYNAMIC_NO_PIC = NO;
				GCC_NO_COMMON_BLOCKS = YES;
				GCC_OPTIMIZATION_LEVEL = 0;
				GCC_PREPROCESSOR_DEFINITIONS = (
					"$(inherited)",
					"DEBUG=1",
				);
				GCC_WARN_64_TO_32_BIT_CONVERSION = YES;
				GCC_WARN_ABOUT_RETURN_TYPE = YES_ERROR;
				GCC_WARN_UNDECLARED_SELECTOR = YES;
				GCC_WARN_UNINITIALIZED_AUTOS = YES_AGGRESSIVE;
				GCC_WARN_UNUSED_FUNCTION = YES;
				GCC_WARN_UNUSED_VARIABLE = YES;
				IPHONEOS_DEPLOYMENT_TARGET = 26.0;
				MACOSX_DEPLOYMENT_TARGET = 26.0;
				MTL_ENABLE_DEBUG_INFO = INCLUDE_SOURCE;
				MTL_FAST_MATH = YES;
				ONLY_ACTIVE_ARCH = YES;
				PRODUCT_NAME = "$(TARGET_NAME)";
				SWIFT_ACTIVE_COMPILATION_CONDITIONS = DEBUG;
				SWIFT_OPTIMIZATION_LEVEL = "-Onone";
				SWIFT_VERSION = 5.9;
			};
			name = Debug;
		};
		CF8F0EDC5C24F6B967B37CE7 /* Debug */ = {
			isa = XCBuildConfiguration;
			buildSettings = {
				BUNDLE_LOADER = "$(TEST_HOST)";
				GENERATE_INFOPLIST_FILE = YES;
				LD_RUNPATH_SEARCH_PATHS = (
					"$(inherited)",
					"@executable_path/Frameworks",
					"@loader_path/Frameworks",
				);
				PRODUCT_BUNDLE_IDENTIFIER = jamesschaffer.CrateUITests;
				SDKROOT = iphoneos;
				TARGETED_DEVICE_FAMILY = "1,2";
				TEST_TARGET_NAME = "Crate-iOS";
			};
			name = Debug;
		};
		F2EAEA2F7DBF8982953D4F54 /* Release */ = {
			isa = XCBuildConfiguration;
			buildSettings = {
				BUNDLE_LOADER = "$(TEST_HOST)";
				GENERATE_INFOPLIST_FILE = YES;
				LD_RUNPATH_SEARCH_PATHS = (
					"$(inherited)",
					"@executable_path/Frameworks",
					"@loader_path/Frameworks",
				);
				PRODUCT_BUNDLE_IDENTIFIER = jamesschaffer.CrateUITests;
				SDKROOT = iphoneos;
				TARGETED_DEVICE_FAMILY = "1,2";
				TEST_TARGET_NAME = "Crate-iOS";
			};
			name = Release;
		};
/* End XCBuildConfiguration section */

/* Begin XCConfigurationList section */
		420BD5860DA22FA73B98C681 /* Build configuration list for PBXNativeTarget "CrateUITests-iOS" */ = {
			isa = XCConfigurationList;
			buildConfigurations = (
				CF8F0EDC5C24F6B967B37CE7 /* Debug */,
				F2EAEA2F7DBF8982953D4F54 /* Release */,
			);
			defaultConfigurationIsVisible = 0;
			defaultConfigurationName = Debug;
		};
		7B2C4F2BB8AF223658793FBE /* Build configuration list for PBXNativeTarget "CrateTests-macOS" */ = {
			isa = XCConfigurationList;
			buildConfigurations = (
				5FD5173C121A7E26A79583CF /* Debug */,
				7ECA123BD345F196E52FE93E /* Release */,
			);
			defaultConfigurationIsVisible = 0;
			defaultConfigurationName = Debug;
		};
		A8F9C7186CCDC56B5C5BE44C /* Build configuration list for PBXNativeTarget "Crate-iOS" */ = {
			isa = XCConfigurationList;
			buildConfigurations = (
				68D8E8E8E0E65842DFF290AA /* Debug */,
				7F734DFE8AEA1F009F096149 /* Release */,
			);
			defaultConfigurationIsVisible = 0;
			defaultConfigurationName = Debug;
		};
		CE718F41822762418C79AB24 /* Build configuration list for PBXProject "Crate" */ = {
			isa = XCConfigurationList;
			buildConfigurations = (
				BD5701042534EF9CAC913D11 /* Debug */,
				35AE90157023590ADEF3BB9A /* Release */,
			);
			defaultConfigurationIsVisible = 0;
			defaultConfigurationName = Debug;
		};
		D0BB1DEB12F12B7B96FB4E3D /* Build configuration list for PBXNativeTarget "CrateTests-iOS" */ = {
			isa = XCConfigurationList;
			buildConfigurations = (
				1158272FD86D48CDB650E568 /* Debug */,
				47D871855492D5DE13BD39B8 /* Release */,
			);
			defaultConfigurationIsVisible = 0;
			defaultConfigurationName = Debug;
		};
		F77E6678F7CEAAFF3D6E71D9 /* Build configuration list for PBXNativeTarget "Crate-macOS" */ = {
			isa = XCConfigurationList;
			buildConfigurations = (
				68370ED0DB215B8B347373D3 /* Debug */,
				2500BFAE8F129C2A7574CC51 /* Release */,
			);
			defaultConfigurationIsVisible = 0;
			defaultConfigurationName = Debug;
		};
/* End XCConfigurationList section */
	};
	rootObject = 9ADFF5926EAD9B59D340BCC7 /* Project object */;
}
